{
  "name": "librato-express-route",
  "version": "0.1.0",
  "lockfileVersion": 1,
  "dependencies": {
    "librato-metrics": {
      "version": "0.0.7",
      "resolved": "https://registry.npmjs.org/librato-metrics/-/librato-metrics-0.0.7.tgz",
      "integrity": "sha1-0liReqJfQbAA/Rx5oVk7Hjx8zPw="
    },
    "lodash": {
      "version": "4.17.4",
      "resolved": "https://registry.npmjs.org/lodash/-/lodash-4.17.4.tgz",
      "integrity": "sha1-eCA6TRwyiuHYbcpkYONptX9AVa4="
    },
    "request": {
      "version": "2.9.100",
      "resolved": "https://registry.npmjs.org/request/-/request-2.9.100.tgz",
      "integrity": "sha1-yZAKbMhXa4QAqCFhpiaJYvPQm3g="
    }
  }
}
